{
    "_readme": [
        "This file locks the dependencies of your project to a known state",
        "Read more about it at https://getcomposer.org/doc/01-basic-usage.md#installing-dependencies",
        "This file is @generated automatically"
    ],
    "content-hash": "af04c041fe4586f47276fc62fb722b81",
    "packages": [
        {
            "name": "backend_compass_dev_2/php_analytic_utils",
            "version": "v1.0.0",
            "source": {
                "type": "git",
                "url": "https://github.com/getCompassUtils/php_analytic_utils.git",
                "reference": "673c6d6aef7a3e1880397b449cd2d76fd5c10253"
            },
            "dist": {
                "type": "zip",
                "url": "https://api.github.com/repos/getCompassUtils/php_analytic_utils/zipball/673c6d6aef7a3e1880397b449cd2d76fd5c10253",
                "reference": "673c6d6aef7a3e1880397b449cd2d76fd5c10253",
                "shasum": ""
            },
            "type": "library",
            "autoload": {
                "psr-4": {
                    "AnalyticUtils\\": "src/"
                }
            },
            "support": {
                "source": "https://github.com/getCompassUtils/php_analytic_utils/tree/v1.0.0",
                "issues": "https://github.com/getCompassUtils/php_analytic_utils/issues"
            },
            "time": "2023-11-01T12:13:02+00:00"
        },
        {
            "name": "backend_compass_dev_2/pivot_protobuf_schemes",
            "version": "v1.1.13",
            "source": {
                "type": "git",
                "url": "https://github.com/getCompassUtils/pivot_protobuf_schemes.git",
                "reference": "f0adf160eb0e09711a6d9098b3fdfd7b315c442c"
            },
            "dist": {
                "type": "zip",
                "url": "https://api.github.com/repos/getCompassUtils/pivot_protobuf_schemes/zipball/f0adf160eb0e09711a6d9098b3fdfd7b315c442c",
                "reference": "f0adf160eb0e09711a6d9098b3fdfd7b315c442c",
                "shasum": ""
            },
            "type": "library",
            "autoload": {
                "psr-4": {
                    "PivotCacheGrpc\\": [
                        "grpc/PivotCacheGrpc",
                        "php/PivotCacheGrpc"
                    ],
                    "ActivityGrpc\\": [
                        "grpc/ActivityGrpc",
                        "php/ActivityGrpc"
                    ],
                    "UserbotCacheGrpc\\": [
                        "grpc/UserbotCacheGrpc",
                        "php/UserbotCacheGrpc"
                    ],
                    "KuberGrpc\\": [
                        "grpc/KuberGrpc",
                        "php/KuberGrpc"
                    ],
                    "PusherGrpc\\": [
                        "grpc/PusherGrpc",
                        "php/PusherGrpc"
                    ],
                    "PivotSenderGrpc\\": [
                        "grpc/PivotSenderGrpc",
                        "php/PivotSenderGrpc"
                    ],
                    "SenderBalancerGrpc\\": [
                        "grpc/SenderBalancerGrpc",
                        "php/SenderBalancerGrpc"
                    ],
                    "TestGrpc\\": [
                        "grpc/TestGrpc",
                        "php/TestGrpc"
                    ],
                    "DatabaseControllerGrpc\\": [
                        "grpc/DatabaseControllerGrpc",
                        "php/DatabaseControllerGrpc"
                    ],
                    "EventGrpc\\": [
                        "grpc/EventGrpc",
                        "php/EventGrpc"
                    ],
                    "GPBMetadata\\": "php/GPBMetadata"
                }
            },
            "description": "php_pivot_protobuf_schemes",
            "support": {
                "source": "https://github.com/getCompassUtils/pivot_protobuf_schemes/tree/v1.1.13",
                "issues": "https://github.com/getCompassUtils/pivot_protobuf_schemes/issues"
            },
            "time": "2025-01-22T11:26:33+00:00"
        },
        {
            "name": "google/protobuf",
            "version": "v3.23.0",
            "source": {
                "type": "git",
                "url": "https://github.com/protocolbuffers/protobuf-php.git",
                "reference": "20c6a4cc53f98255abaa4b2dc959df8e039f5aba"
            },
            "dist": {
                "type": "zip",
                "url": "https://api.github.com/repos/protocolbuffers/protobuf-php/zipball/20c6a4cc53f98255abaa4b2dc959df8e039f5aba",
                "reference": "20c6a4cc53f98255abaa4b2dc959df8e039f5aba",
                "shasum": ""
            },
            "require": {
                "php": ">=7.0.0"
            },
            "require-dev": {
                "phpunit/phpunit": ">=5.0.0"
            },
            "suggest": {
                "ext-bcmath": "Need to support JSON deserialization"
            },
            "type": "library",
            "autoload": {
                "psr-4": {
                    "Google\\Protobuf\\": "src/Google/Protobuf",
                    "GPBMetadata\\Google\\Protobuf\\": "src/GPBMetadata/Google/Protobuf"
                }
            },
            "notification-url": "https://packagist.org/downloads/",
            "license": [
                "BSD-3-Clause"
            ],
            "description": "proto library for PHP",
            "homepage": "https://developers.google.com/protocol-buffers/",
            "keywords": [
                "proto"
            ],
            "support": {
                "source": "https://github.com/protocolbuffers/protobuf-php/tree/v3.23.0"
            },
            "time": "2023-05-08T17:51:47+00:00"
        },
        {
            "name": "grpc/grpc",
            "version": "1.52.0",
            "source": {
                "type": "git",
                "url": "https://github.com/getCompassUtils/grpc-php.git",
                "reference": "98394cd601a587ca68294e6209bd713856969105"
            },
            "dist": {
                "type": "zip",
                "url": "https://api.github.com/repos/getCompassUtils/grpc-php/zipball/98394cd601a587ca68294e6209bd713856969105",
                "reference": "98394cd601a587ca68294e6209bd713856969105",
                "shasum": ""
            },
            "require": {
                "php": ">=7.0.0"
            },
            "require-dev": {
                "google/auth": "^v1.3.0"
            },
            "suggest": {
                "ext-protobuf": "For better performance, install the protobuf C extension.",
                "google/protobuf": "To get started using grpc quickly, install the native protobuf library."
            },
            "type": "library",
            "autoload": {
                "psr-4": {
                    "Grpc\\": "src/lib/"
                }
            },
            "license": [
                "Apache-2.0"
            ],
            "description": "gRPC library for PHP",
            "homepage": "https://grpc.io",
            "keywords": [
                "rpc"
            ],
            "support": {
                "source": "https://github.com/getCompassUtils/grpc-php/tree/v1.52.0"
            },
            "time": "2023-02-25T05:20:08+00:00"
        },
        {
            "name": "nikic/php-parser",
            "version": "v4.13.0",
            "source": {
                "type": "git",
                "url": "https://github.com/getCompassUtils/PHP-Parser.git",
                "reference": "50953a2691a922aa1769461637869a0a2faa3f53"
            },
            "dist": {
                "type": "zip",
                "url": "https://api.github.com/repos/getCompassUtils/PHP-Parser/zipball/50953a2691a922aa1769461637869a0a2faa3f53",
                "reference": "50953a2691a922aa1769461637869a0a2faa3f53",
                "shasum": ""
            },
            "require": {
                "ext-tokenizer": "*",
                "php": ">=7.0"
            },
            "require-dev": {
                "ircmaxell/php-yacc": "^0.0.7",
                "phpunit/phpunit": "^6.5 || ^7.0 || ^8.0 || ^9.0"
            },
            "bin": [
                "bin/php-parse"
            ],
            "type": "library",
            "extra": {
                "branch-alias": {
                    "dev-master": "4.9-dev"
                }
            },
            "autoload": {
                "psr-4": {
                    "PhpParser\\": "lib/PhpParser"
                }
            },
            "autoload-dev": {
                "psr-4": {
                    "PhpParser\\": "test/PhpParser/"
                }
            },
            "license": [
                "BSD-3-Clause"
            ],
            "authors": [
                {
                    "name": "Nikita Popov"
                }
            ],
            "description": "A PHP parser written in PHP",
            "keywords": [
                "parser",
                "php"
            ],
            "support": {
                "source": "https://github.com/getCompassUtils/PHP-Parser/tree/v4.13.0"
            },
            "time": "2021-09-20T12:20:58+00:00"
        },
        {
            "name": "paragonie/constant_time_encoding",
            "version": "v2.6.3",
            "source": {
                "type": "git",
                "url": "https://github.com/getCompassUtils/constant_time_encoding.git",
                "reference": "58c3f47f650c94ec05a151692652a868995d2938"
            },
            "dist": {
                "type": "zip",
                "url": "https://api.github.com/repos/getCompassUtils/constant_time_encoding/zipball/58c3f47f650c94ec05a151692652a868995d2938",
                "reference": "58c3f47f650c94ec05a151692652a868995d2938",
                "shasum": ""
            },
            "require": {
                "php": "^7|^8"
            },
            "require-dev": {
                "phpunit/phpunit": "^6|^7|^8|^9",
                "vimeo/psalm": "^1|^2|^3|^4"
            },
            "type": "library",
            "autoload": {
                "psr-4": {
                    "ParagonIE\\ConstantTime\\": "src/"
                }
            },
            "autoload-dev": {
                "psr-4": {
                    "ParagonIE\\ConstantTime\\Tests\\": "tests/"
                }
            },
            "license": [
                "MIT"
            ],
            "authors": [
                {
                    "name": "Paragon Initiative Enterprises",
                    "email": "security@paragonie.com",
                    "homepage": "https://paragonie.com",
                    "role": "Maintainer"
                },
                {
                    "name": "Steve 'Sc00bz' Thomas",
                    "email": "steve@tobtu.com",
                    "homepage": "https://www.tobtu.com",
                    "role": "Original Developer"
                }
            ],
            "description": "Constant-time Implementations of RFC 4648 Encoding (Base-64, Base-32, Base-16)",
            "keywords": [
                "base16",
                "base32",
                "base32_decode",
                "base32_encode",
                "base64",
                "base64_decode",
                "base64_encode",
                "bin2hex",
                "encoding",
                "hex",
                "hex2bin",
                "rfc4648"
            ],
            "support": {
                "issues": "https://github.com/paragonie/constant_time_encoding/issues",
                "email": "info@paragonie.com",
                "source": "https://github.com/paragonie/constant_time_encoding"
            },
            "time": "2022-06-14T06:56:20+00:00"
        },
        {
            "name": "paragonie/random_compat",
            "version": "v9.99.100",
            "source": {
                "type": "git",
                "url": "https://github.com/getCompassUtils/random_compat.git",
                "reference": "996434e5492cb4c3edcb9168db6fbb1359ef965a"
            },
            "dist": {
                "type": "zip",
                "url": "https://api.github.com/repos/getCompassUtils/random_compat/zipball/996434e5492cb4c3edcb9168db6fbb1359ef965a",
                "reference": "996434e5492cb4c3edcb9168db6fbb1359ef965a",
                "shasum": ""
            },
            "require": {
                "php": ">= 7"
            },
            "require-dev": {
                "phpunit/phpunit": "4.*|5.*",
                "vimeo/psalm": "^1"
            },
            "suggest": {
                "ext-libsodium": "Provides a modern crypto API that can be used to generate random bytes."
            },
            "type": "library",
            "license": [
                "MIT"
            ],
            "authors": [
                {
                    "name": "Paragon Initiative Enterprises",
                    "email": "security@paragonie.com",
                    "homepage": "https://paragonie.com"
                }
            ],
            "description": "PHP 5.x polyfill for random_bytes() and random_int() from PHP 7",
            "keywords": [
                "csprng",
                "polyfill",
                "pseudorandom",
                "random"
            ],
            "support": {
                "issues": "https://github.com/paragonie/random_compat/issues",
                "email": "info@paragonie.com",
                "source": "https://github.com/paragonie/random_compat"
            },
            "time": "2020-10-15T08:29:30+00:00"
        },
        {
            "name": "php-amqplib/php-amqplib",
            "version": "v3.1.2",
            "source": {
                "type": "git",
                "url": "https://github.com/getCompassUtils/php-amqplib.git",
                "reference": "e8aba06c4e1c467612f2d99304f672f2660e8492"
            },
            "dist": {
                "type": "zip",
                "url": "https://api.github.com/repos/getCompassUtils/php-amqplib/zipball/e8aba06c4e1c467612f2d99304f672f2660e8492",
                "reference": "e8aba06c4e1c467612f2d99304f672f2660e8492",
                "shasum": ""
            },
            "require": {
                "ext-mbstring": "*",
                "ext-sockets": "*",
                "php": "^7.1||^8.0",
                "phpseclib/phpseclib": "^2.0|^3.0"
            },
            "conflict": {
                "php": "7.4.0 - 7.4.1"
            },
            "replace": {
                "videlalvaro/php-amqplib": "self.version"
            },
            "require-dev": {
                "ext-curl": "*",
                "nategood/httpful": "^0.2.20",
                "phpunit/phpunit": "^7.5|^9.5",
                "squizlabs/php_codesniffer": "^3.6"
            },
            "type": "library",
            "extra": {
                "branch-alias": {
                    "dev-master": "3.0-dev"
                }
            },
            "autoload": {
                "psr-4": {
                    "PhpAmqpLib\\": "PhpAmqpLib/"
                }
            },
            "autoload-dev": {
                "psr-4": {
                    "PhpAmqpLib\\Tests\\Functional\\": "tests/Functional",
                    "PhpAmqpLib\\Tests\\Unit\\": "tests/Unit"
                }
            },
            "license": [
                "LGPL-2.1-or-later"
            ],
            "authors": [
                {
                    "name": "Alvaro Videla",
                    "role": "Original Maintainer"
                },
                {
                    "name": "Raúl Araya",
                    "email": "nubeiro@gmail.com",
                    "role": "Maintainer"
                },
                {
                    "name": "Luke Bakken",
                    "email": "luke@bakken.io",
                    "role": "Maintainer"
                },
                {
                    "name": "Ramūnas Dronga",
                    "email": "github@ramuno.lt",
                    "role": "Maintainer"
                }
            ],
            "description": "Formerly videlalvaro/php-amqplib.  This library is a pure PHP implementation of the AMQP protocol. It's been tested against RabbitMQ.",
            "homepage": "https://github.com/php-amqplib/php-amqplib/",
            "keywords": [
                "message",
                "queue",
                "rabbitmq"
            ],
            "support": {
                "source": "https://github.com/getCompassUtils/php-amqplib/tree/v3.1.2"
            },
            "time": "2022-01-18T17:08:01+00:00"
        },
        {
            "name": "phpseclib/phpseclib",
            "version": "3.0.42",
            "source": {
                "type": "git",
                "url": "https://github.com/getCompassUtils/phpseclib.git",
                "reference": "db92f1b1987b12b13f248fe76c3a52cadb67bb98"
            },
            "dist": {
                "type": "zip",
                "url": "https://api.github.com/repos/getCompassUtils/phpseclib/zipball/db92f1b1987b12b13f248fe76c3a52cadb67bb98",
                "reference": "db92f1b1987b12b13f248fe76c3a52cadb67bb98",
                "shasum": ""
            },
            "require": {
                "paragonie/constant_time_encoding": "^1|^2|^3",
                "paragonie/random_compat": "^1.4|^2.0|^9.99.99",
                "php": ">=5.6.1"
            },
            "require-dev": {
                "phpunit/phpunit": "*"
            },
            "suggest": {
                "ext-dom": "Install the DOM extension to load XML formatted public keys.",
                "ext-gmp": "Install the GMP (GNU Multiple Precision) extension in order to speed up arbitrary precision integer arithmetic operations.",
                "ext-libsodium": "SSH2/SFTP can make use of some algorithms provided by the libsodium-php extension.",
                "ext-mcrypt": "Install the Mcrypt extension in order to speed up a few other cryptographic operations.",
                "ext-openssl": "Install the OpenSSL extension in order to speed up a wide variety of cryptographic operations."
            },
            "type": "library",
            "autoload": {
                "files": [
                    "phpseclib/bootstrap.php"
                ],
                "psr-4": {
                    "phpseclib3\\": "phpseclib/"
                }
            },
            "autoload-dev": {
                "psr-4": {
                    "phpseclib3\\Tests\\": "tests/"
                }
            },
            "license": [
                "MIT"
            ],
            "authors": [
                {
                    "name": "Jim Wigginton",
                    "email": "terrafrost@php.net",
                    "role": "Lead Developer"
                },
                {
                    "name": "Patrick Monnerat",
                    "email": "pm@datasphere.ch",
                    "role": "Developer"
                },
                {
                    "name": "Andreas Fischer",
                    "email": "bantu@phpbb.com",
                    "role": "Developer"
                },
                {
                    "name": "Hans-Jürgen Petrich",
                    "email": "petrich@tronic-media.com",
                    "role": "Developer"
                },
                {
                    "name": "Graham Campbell",
                    "email": "graham@alt-three.com",
                    "role": "Developer"
                }
            ],
            "description": "PHP Secure Communications Library - Pure-PHP implementations of RSA, AES, SSH2, SFTP, X.509 etc.",
            "homepage": "http://phpseclib.sourceforge.net",
            "keywords": [
                "BigInteger",
                "aes",
                "asn.1",
                "asn1",
                "blowfish",
                "crypto",
                "cryptography",
                "encryption",
                "rsa",
                "security",
                "sftp",
                "signature",
                "signing",
                "ssh",
                "twofish",
                "x.509",
                "x509"
            ],
            "support": {
                "source": "https://github.com/getCompassUtils/phpseclib/tree/3.0.42"
            },
            "funding": [
                {
                    "type": "github",
                    "url": "https://github.com/terrafrost"
                },
                {
                    "type": "patreon",
                    "url": "https://www.patreon.com/phpseclib"
                },
                {
                    "type": "tidelift",
                    "url": "https://tidelift.com/funding/github/packagist/phpseclib/phpseclib"
                }
            ],
            "time": "2024-09-16T03:06:04+00:00"
        },
        {
            "name": "service/php_base_frame",
            "version": "v1.1.23",
            "source": {
                "type": "git",
                "url": "https://github.com/getCompassUtils/php_base_frame.git",
                "reference": "c03208d03033929145de958b22b421a908143415"
            },
            "dist": {
                "type": "zip",
                "url": "https://api.github.com/repos/getCompassUtils/php_base_frame/zipball/c03208d03033929145de958b22b421a908143415",
                "reference": "c03208d03033929145de958b22b421a908143415",
                "shasum": ""
            },
            "require": {
                "backend_compass_dev_2/php_analytic_utils": "*",
                "ext-bcmath": "*",
                "ext-calendar": "*",
                "ext-curl": "*",
                "ext-geoip": "*",
                "ext-grpc": "*",
                "ext-mbstring": "*",
                "ext-memcache": "*",
                "ext-openssl": "*",
                "ext-pdo": "*",
                "ext-posix": "*",
                "ext-readline": "*",
                "ext-shmop": "*",
                "ext-zend-opcache": "*",
                "google/protobuf": "v3.23.0",
                "grpc/grpc": "v1.52.0",
                "php-amqplib/php-amqplib": "v3.1.2",
                "phpseclib/phpseclib": "3.0.42"
            },
            "type": "library",
            "autoload": {
                "files": [
                    "start.php"
                ],
                "psr-4": {
                    "BaseFrame\\": "src/"
                }
            },
            "description": "php_base_frame",
            "support": {
                "source": "https://github.com/getCompassUtils/php_base_frame/tree/v1.1.23",
                "issues": "https://github.com/getCompassUtils/php_base_frame/issues"
            },
            "time": "2024-11-13T13:54:53+00:00"
        }
    ],
    "packages-dev": [],
    "aliases": [],
    "minimum-stability": "stable",
    "stability-flags": [],
    "prefer-stable": false,
    "prefer-lowest": false,
    "platform": [],
    "platform-dev": [],
    "plugin-api-version": "2.6.0"
}
